
Microsoft Visual Studio Solution File, Format Version 12.00
# Visual Studio Version 16
VisualStudioVersion = 16.0.31624.102
MinimumVisualStudioVersion = 10.0.40219.1
Project("{FAE04EC0-301F-11D3-BF4B-00C04F79EFBC}") = "HotelListing", "HotelListing.csproj", "{8CE51FC3-F159-44EA-A281-93BDEFF35D95}"
EndProject
Global
	GlobalSection(SolutionConfigurationPlatforms) = preSolution
		Debug|Any CPU = Debug|Any CPU
		Release|Any CPU = Release|Any CPU
	EndGlobalSection
	GlobalSection(ProjectConfigurationPlatforms) = postSolution
		{8CE51FC3-F159-44EA-A281-93BDEFF35D95}.Debug|Any CPU.ActiveCfg = Debug|Any CPU
		{8CE51FC3-F159-44EA-A281-93BDEFF35D95}.Debug|Any CPU.Build.0 = Debug|Any CPU
		{8CE51FC3-F159-44EA-A281-93BDEFF35D95}.Release|Any CPU.ActiveCfg = Release|Any CPU
		{8CE51FC3-F159-44EA-A281-93BDEFF35D95}.Release|Any CPU.Build.0 = Release|Any CPU
	EndGlobalSection
	GlobalSection(SolutionProperties) = preSolution
		HideSolutionNode = FALSE
	EndGlobalSection
	GlobalSection(ExtensibilityGlobals) = postSolution
		SolutionGuid = {54C655E5-B7F6-4D6C-8763-8A621E68B707}
	EndGlobalSection
EndGlobal
